// !$*UTF8*$!
{
	archiveVersion = 1;
	classes = {
	};
	objectVersion = 46;
	objects = {

/* Begin PBXBuildFile section */
		AAFD5E321CE4C72E00C62589 /* main.m in Sources */ = {isa = PBXBuildFile; fileRef = AAFD5E311CE4C72E00C62589 /* main.m */; };
		AAFD5E351CE4C72E00C62589 /* AppDelegate.m in Sources */ = {isa = PBXBuildFile; fileRef = AAFD5E341CE4C72E00C62589 /* AppDelegate.m */; };
		AAFD5E381CE4C72E00C62589 /* ViewController.m in Sources */ = {isa = PBXBuildFile; fileRef = AAFD5E371CE4C72E00C62589 /* ViewController.m */; };
		AAFD5E3B1CE4C72E00C62589 /* Main.storyboard in Resources */ = {isa = PBXBuildFile; fileRef = AAFD5E391CE4C72E00C62589 /* Main.storyboard */; };
		AAFD5E3D1CE4C72E00C62589 /* Assets.xcassets in Resources */ = {isa = PBXBuildFile; fileRef = AAFD5E3C1CE4C72E00C62589 /* Assets.xcassets */; };
		AAFD5E401CE4C72E00C62589 /* LaunchScreen.storyboard in Resources */ = {isa = PBXBuildFile; fileRef = AAFD5E3E1CE4C72E00C62589 /* LaunchScreen.storyboard */; };
/* End PBXBuildFile section */

/* Begin PBXFileReference section */
		AAFD5E2D1CE4C72E00C62589 /* WhereIsMyCar.app */ = {isa = PBXFileReference; explicitFileType = wrapper.application; includeInIndex = 0; path = WhereIsMyCar.app; sourceTree = BUILT_PRODUCTS_DIR; };
		AAFD5E311CE4C72E00C62589 /* main.m */ = {isa = PBXFileReference; lastKnownFileType = sourcecode.c.objc; path = main.m; sourceTree = "<group>"; };
		AAFD5E331CE4C72E00C62589 /* AppDelegate.h */ = {isa = PBXFileReference; lastKnownFileType = sourcecode.c.h; path = AppDelegate.h; sourceTree = "<group>"; };
		AAFD5E341CE4C72E00C62589 /* AppDelegate.m */ = {isa = PBXFileReference; lastKnownFileType = sourcecode.c.objc; path = AppDelegate.m; sourceTree = "<group>"; };
		AAFD5E361CE4C72E00C62589 /* ViewController.h */ = {isa = PBXFileReference; lastKnownFileType = sourcecode.c.h; path = ViewController.h; sourceTree = "<group>"; };
		AAFD5E371CE4C72E00C62589 /* ViewController.m */ = {isa = PBXFileReference; lastKnownFileType = sourcecode.c.objc; path = ViewController.m; sourceTree = "<group>"; };
		AAFD5E3A1CE4C72E00C62589 /* Base */ = {isa = PBXFileReference; lastKnownFileType = file.storyboard; name = Base; path = Base.lproj/Main.storyboard; sourceTree = "<group>"; };
		AAFD5E3C1CE4C72E00C62589 /* Assets.xcassets */ = {isa = PBXFileReference; lastKnownFileType = folder.assetcatalog; path = Assets.xcassets; sourceTree = "<group>"; };
		AAFD5E3F1CE4C72E00C62589 /* Base */ = {isa = PBXFileReference; lastKnownFileType = file.storyboard; name = Base; path = Base.lproj/LaunchScreen.storyboard; sourceTree = "<group>"; };
		AAFD5E411CE4C72E00C62589 /* Info.plist */ = {isa = PBXFileReference; lastKnownFileType = text.plist.xml; path = Info.plist; sourceTree = "<group>"; };
/* End PBXFileReference section */

/* Begin PBXFrameworksBuildPhase section */
		AAFD5E2A1CE4C72E00C62589 /* Frameworks */ = {
			isa = PBXFrameworksBuildPhase;
			buildActionMask = 2147483647;
			files = (
			);
			runOnlyForDeploymentPostprocessing = 0;
		};
/* End PBXFrameworksBuildPhase section */

/* Begin PBXGroup section */
		AAFD5E241CE4C72E00C62589 = {
			isa = PBXGroup;
			children = (
				AAFD5E2F1CE4C72E00C62589 /* WhereIsMyCar */,
				AAFD5E2E1CE4C72E00C62589 /* Products */,
			);
			sourceTree = "<group>";
		};
		AAFD5E2E1CE4C72E00C62589 /* Products */ = {
			isa = PBXGroup;
			children = (
				AAFD5E2D1CE4C72E00C62589 /* WhereIsMyCar.app */,
			);
			name = Products;
			sourceTree = "<group>";
		};
		AAFD5E2F1CE4C72E00C62589 /* WhereIsMyCar */ = {
			isa = PBXGroup;
			children = (
				AAFD5E331CE4C72E00C62589 /* AppDelegate.h */,
				AAFD5E341CE4C72E00C62589 /* AppDelegate.m */,
				AAFD5E361CE4C72E00C62589 /* ViewController.h */,
				AAFD5E371CE4C72E00C62589 /* ViewController.m */,
				AAFD5E391CE4C72E00C62589 /* Main.storyboard */,
				AAFD5E3C1CE4C72E00C62589 /* Assets.xcassets */,
				AAFD5E3E1CE4C72E00C62589 /* LaunchScreen.storyboard */,
				AAFD5E411CE4C72E00C62589 /* Info.plist */,
				AAFD5E301CE4C72E00C62589 /* Supporting Files */,
			);
			path = WhereIsMyCar;
			sourceTree = "<group>";
		};
		AAFD5E301CE4C72E00C62589 /* Supporting Files */ = {
			isa = PBXGroup;
			children = (
				AAFD5E311CE4C72E00C62589 /* main.m */,
			);
			name = "Supporting Files";
			sourceTree = "<group>";
		};
/* End PBXGroup section */

/* Begin PBXNativeTarget section */
		AAFD5E2C1CE4C72E00C62589 /* WhereIsMyCar */ = {
			isa = PBXNativeTarget;
			buildConfigurationList = AAFD5E441CE4C72E00C62589 /* Build configuration list for PBXNativeTarget "WhereIsMyCar" */;
			buildPhases = (
				AAFD5E291CE4C72E00C62589 /* Sources */,
				AAFD5E2A1CE4C72E00C62589 /* Frameworks */,
				AAFD5E2B1CE4C72E00C62589 /* Resources */,
			);
			buildRules = (
			);
			dependencies = (
			);
			name = WhereIsMyCar;
			productName = WhereIsMyCar;
			productReference = AAFD5E2D1CE4C72E00C62589 /* WhereIsMyCar.app */;
			productType = "com.apple.product-type.application";
		};
/* End PBXNativeTarget section */

/* Begin PBXProject section */
		AAFD5E251CE4C72E00C62589 /* Project object */ = {
			isa = PBXProject;
			attributes = {
				LastUpgradeCheck = 0720;
				ORGANIZATIONNAME = Training;
				TargetAttributes = {
					AAFD5E2C1CE4C72E00C62589 = {
						CreatedOnToolsVersion = 7.2;
					};
				};
			};
			buildConfigurationList = AAFD5E281CE4C72E00C62589 /* Build configuration list for PBXProject "WhereIsMyCar" */;
			compatibilityVersion = "Xcode 3.2";
			developmentRegion = English;
			hasScannedForEncodings = 0;
			knownRegions = (
				en,
				Base,
			);
			mainGroup = AAFD5E241CE4C72E00C62589;
			productRefGroup = AAFD5E2E1CE4C72E00C62589 /* Products */;
			projectDirPath = "";
			projectRoot = "";
			targets = (
				AAFD5E2C1CE4C72E00C62589 /* WhereIsMyCar */,
			);
		};
/* End PBXProject section */

/* Begin PBXResourcesBuildPhase section */
		AAFD5E2B1CE4C72E00C62589 /* Resources */ = {
			isa = PBXResourcesBuildPhase;
			buildActionMask = 2147483647;
			files = (
				AAFD5E401CE4C72E00C62589 /* LaunchScreen.storyboard in Resources */,
				AAFD5E3D1CE4C72E00C62589 /* Assets.xcassets in Resources */,
				AAFD5E3B1CE4C72E00C62589 /* Main.storyboard in Resources */,
			);
			runOnlyForDeploymentPostprocessing = 0;
		};
/* End PBXResourcesBuildPhase section */

/* Begin PBXSourcesBuildPhase section */
		AAFD5E291CE4C72E00C62589 /* Sources */ = {
			isa = PBXSourcesBuildPhase;
			buildActionMask = 2147483647;
			files = (
				AAFD5E381CE4C72E00C62589 /* ViewController.m in Sources */,
				AAFD5E351CE4C72E00C62589 /* AppDelegate.m in Sources */,
				AAFD5E321CE4C72E00C62589 /* main.m in Sources */,
			);
			runOnlyForDeploymentPostprocessing = 0;
		};
/* End PBXSourcesBuildPhase section */

/* Begin PBXVariantGroup section */
		AAFD5E391CE4C72E00C62589 /* Main.storyboard */ = {
			isa = PBXVariantGroup;
			children = (
				AAFD5E3A1CE4C72E00C62589 /* Base */,
			);
			name = Main.storyboard;
			sourceTree = "<group>";
		};
		AAFD5E3E1CE4C72E00C62589 /* LaunchScreen.storyboard */ = {
			isa = PBXVariantGroup;
			children = (
				AAFD5E3F1CE4C72E00C62589 /* Base */,
			);
			name = LaunchScreen.storyboard;
			sourceTree = "<group>";
		};
/* End PBXVariantGroup section */

/* Begin XCBuildConfiguration section */
		AAFD5E421CE4C72E00C62589 /* Debug */ = {
			isa = XCBuildConfiguration;
			buildSettings = {
				ALWAYS_SEARCH_USER_PATHS = NO;
				CLANG_CXX_LANGUAGE_STANDARD = "gnu++0x";
				CLANG_CXX_LIBRARY = "libc++";
				CLANG_ENABLE_MODULES = YES;
				CLANG_ENABLE_OBJC_ARC = YES;
				CLANG_WARN_BOOL_CONVERSION = YES;
				CLANG_WARN_CONSTANT_CONVERSION = YES;
				CLANG_WARN_DIRECT_OBJC_ISA_USAGE = YES_ERROR;
				CLANG_WARN_EMPTY_BODY = YES;
				CLANG_WARN_ENUM_CONVERSION = YES;
				CLANG_WARN_INT_CONVERSION = YES;
				CLANG_WARN_OBJC_ROOT_CLASS = YES_ERROR;
				CLANG_WARN_UNREACHABLE_CODE = YES;
				CLANG_WARN__DUPLICATE_METHOD_MATCH = YES;
				"CODE_SIGN_IDENTITY[sdk=iphoneos*]" = "iPhone Developer";
				COPY_PHASE_STRIP = NO;
				DEBUG_INFORMATION_FORMAT = dwarf;
				ENABLE_STRICT_OBJC_MSGSEND = YES;
				ENABLE_TESTABILITY = YES;
				GCC_C_LANGUAGE_STANDARD = gnu99;
				GCC_DYNAMIC_NO_PIC = NO;
				GCC_NO_COMMON_BLOCKS = YES;
				GCC_OPTIMIZATION_LEVEL = 0;
				GCC_PREPROCESSOR_DEFINITIONS = (
					"DEBUG=1",
					"$(inherited)",
				);
				GCC_WARN_64_TO_32_BIT_CONVERSION = YES;
				GCC_WARN_ABOUT_RETURN_TYPE = YES_ERROR;
				GCC_WARN_UNDECLARED_SELECTOR = YES;
				GCC_WARN_UNINITIALIZED_AUTOS = YES_AGGRESSIVE;
				GCC_WARN_UNUSED_FUNCTION = YES;
				GCC_WARN_UNUSED_VARIABLE = YES;
				IPHONEOS_DEPLOYMENT_TARGET = 9.2;
				MTL_ENABLE_DEBUG_INFO = YES;
				ONLY_ACTIVE_ARCH = YES;
				SDKROOT = iphoneos;
				TARGETED_DEVICE_FAMILY = "1,2";
			};
			name = Debug;
		};
		AAFD5E431CE4C72E00C62589 /* Release */ = {
			isa = XCBuildConfiguration;
			buildSettings = {
				ALWAYS_SEARCH_USER_PATHS = NO;
				CLANG_CXX_LANGUAGE_STANDARD = "gnu++0x";
				CLANG_CXX_LIBRARY = "libc++";
				CLANG_ENABLE_MODULES = YES;
				CLANG_ENABLE_OBJC_ARC = YES;
				CLANG_WARN_BOOL_CONVERSION = YES;
				CLANG_WARN_CONSTANT_CONVERSION = YES;
				CLANG_WARN_DIRECT_OBJC_ISA_USAGE = YES_ERROR;
				CLANG_WARN_EMPTY_BODY = YES;
				CLANG_WARN_ENUM_CONVERSION = YES;
				CLANG_WARN_INT_CONVERSION = YES;
				CLANG_WARN_OBJC_ROOT_CLASS = YES_ERROR;
				CLANG_WARN_UNREACHABLE_CODE = YES;
				CLANG_WARN__DUPLICATE_METHOD_MATCH = YES;
				"CODE_SIGN_IDENTITY[sdk=iphoneos*]" = "iPhone Developer";
				COPY_PHASE_STRIP = NO;
				DEBUG_INFORMATION_FORMAT = "dwarf-with-dsym";
				ENABLE_NS_ASSERTIONS = NO;
				ENABLE_STRICT_OBJC_MSGSEND = YES;
				GCC_C_LANGUAGE_STANDARD = gnu99;
				GCC_NO_COMMON_BLOCKS = YES;
				GCC_WARN_64_TO_32_BIT_CONVERSION = YES;
				GCC_WARN_ABOUT_RETURN_TYPE = YES_ERROR;
				GCC_WARN_UNDECLARED_SELECTOR = YES;
				GCC_WARN_UNINITIALIZED_AUTOS = YES_AGGRESSIVE;
				GCC_WARN_UNUSED_FUNCTION = YES;
				GCC_WARN_UNUSED_VARIABLE = YES;
				IPHONEOS_DEPLOYMENT_TARGET = 9.2;
				MTL_ENABLE_DEBUG_INFO = NO;
				SDKROOT = iphoneos;
				TARGETED_DEVICE_FAMILY = "1,2";
				VALIDATE_PRODUCT = YES;
			};
			name = Release;
		};
		AAFD5E451CE4C72E00C62589 /* Debug */ = {
			isa = XCBuildConfiguration;
			buildSettings = {
				ASSETCATALOG_COMPILER_APPICON_NAME = AppIcon;
				INFOPLIST_FILE = WhereIsMyCar/Info.plist;
				LD_RUNPATH_SEARCH_PATHS = "$(inherited) @executable_path/Frameworks";
				PRODUCT_BUNDLE_IDENTIFIER = com.training.WhereIsMyCar;
				PRODUCT_NAME = "$(TARGET_NAME)";
			};
			name = Debug;
		};
		AAFD5E461CE4C72E00C62589 /* Release */ = {
			isa = XCBuildConfiguration;
			buildSettings = {
				ASSETCATALOG_COMPILER_APPICON_NAME = AppIcon;
				INFOPLIST_FILE = WhereIsMyCar/Info.plist;
				LD_RUNPATH_SEARCH_PATHS = "$(inherited) @executable_path/Frameworks";
				PRODUCT_BUNDLE_IDENTIFIER = com.training.WhereIsMyCar;
				PRODUCT_NAME = "$(TARGET_NAME)";
			};
			name = Release;
		};
/* End XCBuildConfiguration section */

/* Begin XCConfigurationList section */
		AAFD5E281CE4C72E00C62589 /* Build configuration list for PBXProject "WhereIsMyCar" */ = {
			isa = XCConfigurationList;
			buildConfigurations = (
				AAFD5E421CE4C72E00C62589 /* Debug */,
				AAFD5E431CE4C72E00C62589 /* Release */,
			);
			defaultConfigurationIsVisible = 0;
			defaultConfigurationName = Release;
		};
		AAFD5E441CE4C72E00C62589 /* Build configuration list for PBXNativeTarget "WhereIsMyCar" */ = {
			isa = XCConfigurationList;
			buildConfigurations = (
				AAFD5E451CE4C72E00C62589 /* Debug */,
				AAFD5E461CE4C72E00C62589 /* Release */,
			);
			defaultConfigurationIsVisible = 0;
		};
/* End XCConfigurationList section */
	};
	rootObject = AAFD5E251CE4C72E00C62589 /* Project object */;
}
